{
  "name": "scoregen",
  "lockfileVersion": 3,
  "requires": true,
  "packages": {
    "": {
      "devDependencies": {
        "elm-midi": "github:pravdomil/elm-midi",
        "elm-utils": "github:pravdomil/elm-utils",
        "pravdomil-ui": "github:pravdomil/pravdomil-ui"
      }
    },
    "node_modules/elm-midi": {
      "resolved": "git+ssh://git@github.com/pravdomil/elm-midi.git#87384eb2dae8e5bfa31c50ef63d4fb0bbb0de576",
      "dev": true
    },
    "node_modules/elm-utils": {
      "resolved": "git+ssh://git@github.com/pravdomil/elm-utils.git#fa42a397248a48d79bea65c054a836628b45a60e",
      "dev": true
    },
    "node_modules/pravdomil-ui": {
      "resolved": "git+ssh://git@github.com/pravdomil/pravdomil-ui.git#a990617d2260abeff6b593b299e06894539d3219",
      "dev": true
    }
  }
}
