{
  "name": "webapp",
  "lockfileVersion": 2,
  "requires": true,
  "packages": {
    "": {
      "devDependencies": {
        "elm-midi": "github:pravdomil/elm-midi",
        "elm-utils": "github:pravdomil/elm-utils",
        "pravdomil-ui": "github:pravdomil/pravdomil-ui"
      }
    },
    "node_modules/elm-midi": {
      "resolved": "git+ssh://git@github.com/pravdomil/elm-midi.git#5bd17138028272807fb83fbf10cc98ef596e8a2b",
      "dev": true
    },
    "node_modules/elm-utils": {
      "resolved": "git+ssh://git@github.com/pravdomil/elm-utils.git#2246b442d563f915bdcc161dbe94db89f8b745b2",
      "dev": true
    },
    "node_modules/pravdomil-ui": {
      "resolved": "git+ssh://git@github.com/pravdomil/pravdomil-ui.git#f83b3a99f873f89c93ed7947e802ef72efa63e46",
      "dev": true
    }
  },
  "dependencies": {
    "elm-midi": {
      "version": "git+ssh://git@github.com/pravdomil/elm-midi.git#5bd17138028272807fb83fbf10cc98ef596e8a2b",
      "dev": true,
      "from": "elm-midi@github:pravdomil/elm-midi"
    },
    "elm-utils": {
      "version": "git+ssh://git@github.com/pravdomil/elm-utils.git#2246b442d563f915bdcc161dbe94db89f8b745b2",
      "dev": true,
      "from": "elm-utils@github:pravdomil/elm-utils"
    },
    "pravdomil-ui": {
      "version": "git+ssh://git@github.com/pravdomil/pravdomil-ui.git#f83b3a99f873f89c93ed7947e802ef72efa63e46",
      "dev": true,
      "from": "pravdomil-ui@github:pravdomil/pravdomil-ui"
    }
  }
}
